
Microsoft Visual Studio Solution File, Format Version 12.00
# Visual Studio 15
VisualStudioVersion = 15.0.27703.2000
MinimumVisualStudioVersion = 10.0.40219.1
Project("{9092AA53-FB77-4645-B42D-1CCCA6BD08BD}") = "WebApp", "WebApp\WebApp.njsproj", "{AA5D7B1E-E4E0-4667-A430-525BBABF0547}"
EndProject
Project("{9092AA53-FB77-4645-B42D-1CCCA6BD08BD}") = "Server", "Server\Server.njsproj", "{3B35DE96-EE9D-4FCF-A61F-8251CBA8780A}"
EndProject
Global
	GlobalSection(SolutionConfigurationPlatforms) = preSolution
		Debug|Any CPU = Debug|Any CPU
		Release|Any CPU = Release|Any CPU
	EndGlobalSection
	GlobalSection(ProjectConfigurationPlatforms) = postSolution
		{AA5D7B1E-E4E0-4667-A430-525BBABF0547}.Debug|Any CPU.ActiveCfg = Debug|Any CPU
		{AA5D7B1E-E4E0-4667-A430-525BBABF0547}.Debug|Any CPU.Build.0 = Debug|Any CPU
		{AA5D7B1E-E4E0-4667-A430-525BBABF0547}.Release|Any CPU.ActiveCfg = Release|Any CPU
		{AA5D7B1E-E4E0-4667-A430-525BBABF0547}.Release|Any CPU.Build.0 = Release|Any CPU
		{3B35DE96-EE9D-4FCF-A61F-8251CBA8780A}.Debug|Any CPU.ActiveCfg = Debug|Any CPU
		{3B35DE96-EE9D-4FCF-A61F-8251CBA8780A}.Debug|Any CPU.Build.0 = Debug|Any CPU
		{3B35DE96-EE9D-4FCF-A61F-8251CBA8780A}.Release|Any CPU.ActiveCfg = Release|Any CPU
		{3B35DE96-EE9D-4FCF-A61F-8251CBA8780A}.Release|Any CPU.Build.0 = Release|Any CPU
	EndGlobalSection
	GlobalSection(SolutionProperties) = preSolution
		HideSolutionNode = FALSE
	EndGlobalSection
	GlobalSection(ExtensibilityGlobals) = postSolution
		SolutionGuid = {12FDB750-679F-4CC1-8C5F-0133D6B94C5A}
	EndGlobalSection
EndGlobal
